Microsoft Visual Studio Solution File, Format Version 11.00
# Visual Studio 2008

Project("{83BD6D17-B173-86C1-DB6D-1CBDA43698EE}") = "SaoLei2D", "Assembly-CSharp.csproj", "{79ACE47E-EC3D-26CA-D105-17D022C73838}"
EndProject
Global
	GlobalSection(SolutionConfigurationPlatforms) = preSolution
		Debug|Any CPU = Debug|Any CPU
		Release|Any CPU = Release|Any CPU
	EndGlobalSection
	GlobalSection(ProjectConfigurationPlatforms) = postSolution
		{79ACE47E-EC3D-26CA-D105-17D022C73838}.Debug|Any CPU.ActiveCfg = Debug|Any CPU
		{79ACE47E-EC3D-26CA-D105-17D022C73838}.Debug|Any CPU.Build.0 = Debug|Any CPU
		{79ACE47E-EC3D-26CA-D105-17D022C73838}.Release|Any CPU.ActiveCfg = Release|Any CPU
		{79ACE47E-EC3D-26CA-D105-17D022C73838}.Release|Any CPU.Build.0 = Release|Any CPU
	EndGlobalSection
	GlobalSection(SolutionProperties) = preSolution
		HideSolutionNode = FALSE
	EndGlobalSection
	GlobalSection(MonoDevelopProperties) = preSolution
		StartupItem = Assembly-CSharp.csproj
	EndGlobalSection
EndGlobal
